
Microsoft Visual Studio Solution File, Format Version 12.00
# Visual Studio Version 16
VisualStudioVersion = 16.0.31729.503
MinimumVisualStudioVersion = 10.0.40219.1
Project("{9A19103F-16F7-4668-BE54-9A1E7A4F7556}") = "FinalProject_GalatekAutomation", "FinalProject_GalatekAutomation\FinalProject_GalatekAutomation.csproj", "{C313395E-D2CD-410C-AADB-820E5EF72F27}"
EndProject
Global
	GlobalSection(SolutionConfigurationPlatforms) = preSolution
		Debug|Any CPU = Debug|Any CPU
		Release|Any CPU = Release|Any CPU
	EndGlobalSection
	GlobalSection(ProjectConfigurationPlatforms) = postSolution
		{C313395E-D2CD-410C-AADB-820E5EF72F27}.Debug|Any CPU.ActiveCfg = Debug|Any CPU
		{C313395E-D2CD-410C-AADB-820E5EF72F27}.Debug|Any CPU.Build.0 = Debug|Any CPU
		{C313395E-D2CD-410C-AADB-820E5EF72F27}.Release|Any CPU.ActiveCfg = Release|Any CPU
		{C313395E-D2CD-410C-AADB-820E5EF72F27}.Release|Any CPU.Build.0 = Release|Any CPU
	EndGlobalSection
	GlobalSection(SolutionProperties) = preSolution
		HideSolutionNode = FALSE
	EndGlobalSection
	GlobalSection(ExtensibilityGlobals) = postSolution
		SolutionGuid = {A3D46E51-9196-4C34-A0F4-F5BF46E8C76F}
	EndGlobalSection
EndGlobal
